
Microsoft Visual Studio Solution File, Format Version 12.00
# Visual Studio 2013
VisualStudioVersion = 12.0.30723.0
MinimumVisualStudioVersion = 10.0.40219.1
Project("{FAE04EC0-301F-11D3-BF4B-00C04F79EFBC}") = "HelloAndroid", "HelloAndroid\HelloAndroid.csproj", "{A0FD645F-5301-4640-8F88-535FEF79C12F}"
EndProject
Project("{FAE04EC0-301F-11D3-BF4B-00C04F79EFBC}") = "HelloPCL", "HelloPCL\HelloPCL.csproj", "{CD1BF7C1-52D7-47DF-AC9A-A94748BDC97A}"
EndProject
Project("{FAE04EC0-301F-11D3-BF4B-00C04F79EFBC}") = "HelloIOS", "HelloIOS\HelloIOS.csproj", "{CB6E92B5-30B9-4C43-8D83-7E5B95B7041A}"
EndProject
Project("{FAE04EC0-301F-11D3-BF4B-00C04F79EFBC}") = "HelloWindowsPhone", "HelloWindowsPhone\HelloWindowsPhone.csproj", "{A245700F-2175-4BC0-97BE-F56752562B6E}"
EndProject
Global
	GlobalSection(SolutionConfigurationPlatforms) = preSolution
		Ad-Hoc|Any CPU = Ad-Hoc|Any CPU
		Ad-Hoc|ARM = Ad-Hoc|ARM
		Ad-Hoc|iPhone = Ad-Hoc|iPhone
		Ad-Hoc|iPhoneSimulator = Ad-Hoc|iPhoneSimulator
		Ad-Hoc|Mixed Platforms = Ad-Hoc|Mixed Platforms
		Ad-Hoc|x86 = Ad-Hoc|x86
		AppStore|Any CPU = AppStore|Any CPU
		AppStore|ARM = AppStore|ARM
		AppStore|iPhone = AppStore|iPhone
		AppStore|iPhoneSimulator = AppStore|iPhoneSimulator
		AppStore|Mixed Platforms = AppStore|Mixed Platforms
		AppStore|x86 = AppStore|x86
		Debug|Any CPU = Debug|Any CPU
		Debug|ARM = Debug|ARM
		Debug|iPhone = Debug|iPhone
		Debug|iPhoneSimulator = Debug|iPhoneSimulator
		Debug|Mixed Platforms = Debug|Mixed Platforms
		Debug|x86 = Debug|x86
		Release|Any CPU = Release|Any CPU
		Release|ARM = Release|ARM
		Release|iPhone = Release|iPhone
		Release|iPhoneSimulator = Release|iPhoneSimulator
		Release|Mixed Platforms = Release|Mixed Platforms
		Release|x86 = Release|x86
	EndGlobalSection
	GlobalSection(ProjectConfigurationPlatforms) = postSolution
		{A0FD645F-5301-4640-8F88-535FEF79C12F}.Ad-Hoc|Any CPU.ActiveCfg = Release|Any CPU
		{A0FD645F-5301-4640-8F88-535FEF79C12F}.Ad-Hoc|Any CPU.Build.0 = Release|Any CPU
		{A0FD645F-5301-4640-8F88-535FEF79C12F}.Ad-Hoc|Any CPU.Deploy.0 = Release|Any CPU
		{A0FD645F-5301-4640-8F88-535FEF79C12F}.Ad-Hoc|ARM.ActiveCfg = Debug|Any CPU
		{A0FD645F-5301-4640-8F88-535FEF79C12F}.Ad-Hoc|iPhone.ActiveCfg = Release|Any CPU
		{A0FD645F-5301-4640-8F88-535FEF79C12F}.Ad-Hoc|iPhoneSimulator.ActiveCfg = Release|Any CPU
		{A0FD645F-5301-4640-8F88-535FEF79C12F}.Ad-Hoc|Mixed Platforms.ActiveCfg = Release|Any CPU
		{A0FD645F-5301-4640-8F88-535FEF79C12F}.Ad-Hoc|Mixed Platforms.Build.0 = Release|Any CPU
		{A0FD645F-5301-4640-8F88-535FEF79C12F}.Ad-Hoc|Mixed Platforms.Deploy.0 = Release|Any CPU
		{A0FD645F-5301-4640-8F88-535FEF79C12F}.Ad-Hoc|x86.ActiveCfg = Debug|Any CPU
		{A0FD645F-5301-4640-8F88-535FEF79C12F}.AppStore|Any CPU.ActiveCfg = Release|Any CPU
		{A0FD645F-5301-4640-8F88-535FEF79C12F}.AppStore|Any CPU.Build.0 = Release|Any CPU
		{A0FD645F-5301-4640-8F88-535FEF79C12F}.AppStore|Any CPU.Deploy.0 = Release|Any CPU
		{A0FD645F-5301-4640-8F88-535FEF79C12F}.AppStore|ARM.ActiveCfg = Debug|Any CPU
		{A0FD645F-5301-4640-8F88-535FEF79C12F}.AppStore|iPhone.ActiveCfg = Release|Any CPU
		{A0FD645F-5301-4640-8F88-535FEF79C12F}.AppStore|iPhoneSimulator.ActiveCfg = Release|Any CPU
		{A0FD645F-5301-4640-8F88-535FEF79C12F}.AppStore|Mixed Platforms.ActiveCfg = Release|Any CPU
		{A0FD645F-5301-4640-8F88-535FEF79C12F}.AppStore|Mixed Platforms.Build.0 = Release|Any CPU
		{A0FD645F-5301-4640-8F88-535FEF79C12F}.AppStore|Mixed Platforms.Deploy.0 = Release|Any CPU
		{A0FD645F-5301-4640-8F88-535FEF79C12F}.AppStore|x86.ActiveCfg = Debug|Any CPU
		{A0FD645F-5301-4640-8F88-535FEF79C12F}.Debug|Any CPU.ActiveCfg = Debug|Any CPU
		{A0FD645F-5301-4640-8F88-535FEF79C12F}.Debug|Any CPU.Build.0 = Debug|Any CPU
		{A0FD645F-5301-4640-8F88-535FEF79C12F}.Debug|Any CPU.Deploy.0 = Debug|Any CPU
		{A0FD645F-5301-4640-8F88-535FEF79C12F}.Debug|ARM.ActiveCfg = Debug|Any CPU
		{A0FD645F-5301-4640-8F88-535FEF79C12F}.Debug|iPhone.ActiveCfg = Debug|Any CPU
		{A0FD645F-5301-4640-8F88-535FEF79C12F}.Debug|iPhoneSimulator.ActiveCfg = Debug|Any CPU
		{A0FD645F-5301-4640-8F88-535FEF79C12F}.Debug|Mixed Platforms.ActiveCfg = Debug|Any CPU
		{A0FD645F-5301-4640-8F88-535FEF79C12F}.Debug|Mixed Platforms.Build.0 = Debug|Any CPU
		{A0FD645F-5301-4640-8F88-535FEF79C12F}.Debug|Mixed Platforms.Deploy.0 = Debug|Any CPU
		{A0FD645F-5301-4640-8F88-535FEF79C12F}.Debug|x86.ActiveCfg = Debug|Any CPU
		{A0FD645F-5301-4640-8F88-535FEF79C12F}.Release|Any CPU.ActiveCfg = Release|Any CPU
		{A0FD645F-5301-4640-8F88-535FEF79C12F}.Release|Any CPU.Build.0 = Release|Any CPU
		{A0FD645F-5301-4640-8F88-535FEF79C12F}.Release|ARM.ActiveCfg = Release|Any CPU
		{A0FD645F-5301-4640-8F88-535FEF79C12F}.Release|iPhone.ActiveCfg = Release|Any CPU
		{A0FD645F-5301-4640-8F88-535FEF79C12F}.Release|iPhoneSimulator.ActiveCfg = Release|Any CPU
		{A0FD645F-5301-4640-8F88-535FEF79C12F}.Release|Mixed Platforms.ActiveCfg = Release|Any CPU
		{A0FD645F-5301-4640-8F88-535FEF79C12F}.Release|Mixed Platforms.Build.0 = Release|Any CPU
		{A0FD645F-5301-4640-8F88-535FEF79C12F}.Release|Mixed Platforms.Deploy.0 = Release|Any CPU
		{A0FD645F-5301-4640-8F88-535FEF79C12F}.Release|x86.ActiveCfg = Release|Any CPU
		{CD1BF7C1-52D7-47DF-AC9A-A94748BDC97A}.Ad-Hoc|Any CPU.ActiveCfg = Release|Any CPU
		{CD1BF7C1-52D7-47DF-AC9A-A94748BDC97A}.Ad-Hoc|Any CPU.Build.0 = Release|Any CPU
		{CD1BF7C1-52D7-47DF-AC9A-A94748BDC97A}.Ad-Hoc|ARM.ActiveCfg = Debug|Any CPU
		{CD1BF7C1-52D7-47DF-AC9A-A94748BDC97A}.Ad-Hoc|iPhone.ActiveCfg = Release|Any CPU
		{CD1BF7C1-52D7-47DF-AC9A-A94748BDC97A}.Ad-Hoc|iPhoneSimulator.ActiveCfg = Release|Any CPU
		{CD1BF7C1-52D7-47DF-AC9A-A94748BDC97A}.Ad-Hoc|Mixed Platforms.ActiveCfg = Release|Any CPU
		{CD1BF7C1-52D7-47DF-AC9A-A94748BDC97A}.Ad-Hoc|Mixed Platforms.Build.0 = Release|Any CPU
		{CD1BF7C1-52D7-47DF-AC9A-A94748BDC97A}.Ad-Hoc|x86.ActiveCfg = Debug|Any CPU
		{CD1BF7C1-52D7-47DF-AC9A-A94748BDC97A}.AppStore|Any CPU.ActiveCfg = Release|Any CPU
		{CD1BF7C1-52D7-47DF-AC9A-A94748BDC97A}.AppStore|Any CPU.Build.0 = Release|Any CPU
		{CD1BF7C1-52D7-47DF-AC9A-A94748BDC97A}.AppStore|ARM.ActiveCfg = Debug|Any CPU
		{CD1BF7C1-52D7-47DF-AC9A-A94748BDC97A}.AppStore|iPhone.ActiveCfg = Release|Any CPU
		{CD1BF7C1-52D7-47DF-AC9A-A94748BDC97A}.AppStore|iPhoneSimulator.ActiveCfg = Release|Any CPU
		{CD1BF7C1-52D7-47DF-AC9A-A94748BDC97A}.AppStore|Mixed Platforms.ActiveCfg = Release|Any CPU
		{CD1BF7C1-52D7-47DF-AC9A-A94748BDC97A}.AppStore|Mixed Platforms.Build.0 = Release|Any CPU
		{CD1BF7C1-52D7-47DF-AC9A-A94748BDC97A}.AppStore|x86.ActiveCfg = Debug|Any CPU
		{CD1BF7C1-52D7-47DF-AC9A-A94748BDC97A}.Debug|Any CPU.ActiveCfg = Debug|Any CPU
		{CD1BF7C1-52D7-47DF-AC9A-A94748BDC97A}.Debug|Any CPU.Build.0 = Debug|Any CPU
		{CD1BF7C1-52D7-47DF-AC9A-A94748BDC97A}.Debug|ARM.ActiveCfg = Debug|Any CPU
		{CD1BF7C1-52D7-47DF-AC9A-A94748BDC97A}.Debug|iPhone.ActiveCfg = Debug|Any CPU
		{CD1BF7C1-52D7-47DF-AC9A-A94748BDC97A}.Debug|iPhoneSimulator.ActiveCfg = Debug|Any CPU
		{CD1BF7C1-52D7-47DF-AC9A-A94748BDC97A}.Debug|Mixed Platforms.ActiveCfg = Debug|Any CPU
		{CD1BF7C1-52D7-47DF-AC9A-A94748BDC97A}.Debug|Mixed Platforms.Build.0 = Debug|Any CPU
		{CD1BF7C1-52D7-47DF-AC9A-A94748BDC97A}.Debug|x86.ActiveCfg = Debug|Any CPU
		{CD1BF7C1-52D7-47DF-AC9A-A94748BDC97A}.Release|Any CPU.ActiveCfg = Release|Any CPU
		{CD1BF7C1-52D7-47DF-AC9A-A94748BDC97A}.Release|Any CPU.Build.0 = Release|Any CPU
		{CD1BF7C1-52D7-47DF-AC9A-A94748BDC97A}.Release|ARM.ActiveCfg = Release|Any CPU
		{CD1BF7C1-52D7-47DF-AC9A-A94748BDC97A}.Release|iPhone.ActiveCfg = Release|Any CPU
		{CD1BF7C1-52D7-47DF-AC9A-A94748BDC97A}.Release|iPhoneSimulator.ActiveCfg = Release|Any CPU
		{CD1BF7C1-52D7-47DF-AC9A-A94748BDC97A}.Release|Mixed Platforms.ActiveCfg = Release|Any CPU
		{CD1BF7C1-52D7-47DF-AC9A-A94748BDC97A}.Release|Mixed Platforms.Build.0 = Release|Any CPU
		{CD1BF7C1-52D7-47DF-AC9A-A94748BDC97A}.Release|x86.ActiveCfg = Release|Any CPU
		{CB6E92B5-30B9-4C43-8D83-7E5B95B7041A}.Ad-Hoc|Any CPU.ActiveCfg = Ad-Hoc|iPhone
		{CB6E92B5-30B9-4C43-8D83-7E5B95B7041A}.Ad-Hoc|ARM.ActiveCfg = Ad-Hoc|iPhoneSimulator
		{CB6E92B5-30B9-4C43-8D83-7E5B95B7041A}.Ad-Hoc|iPhone.ActiveCfg = Ad-Hoc|iPhone
		{CB6E92B5-30B9-4C43-8D83-7E5B95B7041A}.Ad-Hoc|iPhone.Build.0 = Ad-Hoc|iPhone
		{CB6E92B5-30B9-4C43-8D83-7E5B95B7041A}.Ad-Hoc|iPhoneSimulator.ActiveCfg = Ad-Hoc|iPhoneSimulator
		{CB6E92B5-30B9-4C43-8D83-7E5B95B7041A}.Ad-Hoc|iPhoneSimulator.Build.0 = Ad-Hoc|iPhoneSimulator
		{CB6E92B5-30B9-4C43-8D83-7E5B95B7041A}.Ad-Hoc|Mixed Platforms.ActiveCfg = Ad-Hoc|iPhone
		{CB6E92B5-30B9-4C43-8D83-7E5B95B7041A}.Ad-Hoc|Mixed Platforms.Build.0 = Ad-Hoc|iPhone
		{CB6E92B5-30B9-4C43-8D83-7E5B95B7041A}.Ad-Hoc|x86.ActiveCfg = Ad-Hoc|iPhoneSimulator
		{CB6E92B5-30B9-4C43-8D83-7E5B95B7041A}.AppStore|Any CPU.ActiveCfg = AppStore|iPhone
		{CB6E92B5-30B9-4C43-8D83-7E5B95B7041A}.AppStore|ARM.ActiveCfg = AppStore|iPhoneSimulator
		{CB6E92B5-30B9-4C43-8D83-7E5B95B7041A}.AppStore|iPhone.ActiveCfg = AppStore|iPhone
		{CB6E92B5-30B9-4C43-8D83-7E5B95B7041A}.AppStore|iPhone.Build.0 = AppStore|iPhone
		{CB6E92B5-30B9-4C43-8D83-7E5B95B7041A}.AppStore|iPhoneSimulator.ActiveCfg = AppStore|iPhoneSimulator
		{CB6E92B5-30B9-4C43-8D83-7E5B95B7041A}.AppStore|iPhoneSimulator.Build.0 = AppStore|iPhoneSimulator
		{CB6E92B5-30B9-4C43-8D83-7E5B95B7041A}.AppStore|Mixed Platforms.ActiveCfg = AppStore|iPhone
		{CB6E92B5-30B9-4C43-8D83-7E5B95B7041A}.AppStore|Mixed Platforms.Build.0 = AppStore|iPhone
		{CB6E92B5-30B9-4C43-8D83-7E5B95B7041A}.AppStore|x86.ActiveCfg = AppStore|iPhoneSimulator
		{CB6E92B5-30B9-4C43-8D83-7E5B95B7041A}.Debug|Any CPU.ActiveCfg = Debug|iPhone
		{CB6E92B5-30B9-4C43-8D83-7E5B95B7041A}.Debug|ARM.ActiveCfg = Debug|iPhoneSimulator
		{CB6E92B5-30B9-4C43-8D83-7E5B95B7041A}.Debug|iPhone.ActiveCfg = Debug|iPhone
		{CB6E92B5-30B9-4C43-8D83-7E5B95B7041A}.Debug|iPhone.Build.0 = Debug|iPhone
		{CB6E92B5-30B9-4C43-8D83-7E5B95B7041A}.Debug|iPhoneSimulator.ActiveCfg = Debug|iPhoneSimulator
		{CB6E92B5-30B9-4C43-8D83-7E5B95B7041A}.Debug|iPhoneSimulator.Build.0 = Debug|iPhoneSimulator
		{CB6E92B5-30B9-4C43-8D83-7E5B95B7041A}.Debug|Mixed Platforms.ActiveCfg = Debug|iPhone
		{CB6E92B5-30B9-4C43-8D83-7E5B95B7041A}.Debug|Mixed Platforms.Build.0 = Debug|iPhone
		{CB6E92B5-30B9-4C43-8D83-7E5B95B7041A}.Debug|x86.ActiveCfg = Debug|iPhoneSimulator
		{CB6E92B5-30B9-4C43-8D83-7E5B95B7041A}.Release|Any CPU.ActiveCfg = Release|iPhone
		{CB6E92B5-30B9-4C43-8D83-7E5B95B7041A}.Release|ARM.ActiveCfg = Release|iPhoneSimulator
		{CB6E92B5-30B9-4C43-8D83-7E5B95B7041A}.Release|iPhone.ActiveCfg = Release|iPhone
		{CB6E92B5-30B9-4C43-8D83-7E5B95B7041A}.Release|iPhone.Build.0 = Release|iPhone
		{CB6E92B5-30B9-4C43-8D83-7E5B95B7041A}.Release|iPhoneSimulator.ActiveCfg = Release|iPhoneSimulator
		{CB6E92B5-30B9-4C43-8D83-7E5B95B7041A}.Release|iPhoneSimulator.Build.0 = Release|iPhoneSimulator
		{CB6E92B5-30B9-4C43-8D83-7E5B95B7041A}.Release|Mixed Platforms.ActiveCfg = Release|iPhone
		{CB6E92B5-30B9-4C43-8D83-7E5B95B7041A}.Release|Mixed Platforms.Build.0 = Release|iPhone
		{CB6E92B5-30B9-4C43-8D83-7E5B95B7041A}.Release|x86.ActiveCfg = Release|iPhoneSimulator
		{A245700F-2175-4BC0-97BE-F56752562B6E}.Ad-Hoc|Any CPU.ActiveCfg = Release|Any CPU
		{A245700F-2175-4BC0-97BE-F56752562B6E}.Ad-Hoc|Any CPU.Build.0 = Release|Any CPU
		{A245700F-2175-4BC0-97BE-F56752562B6E}.Ad-Hoc|Any CPU.Deploy.0 = Release|Any CPU
		{A245700F-2175-4BC0-97BE-F56752562B6E}.Ad-Hoc|ARM.ActiveCfg = Release|ARM
		{A245700F-2175-4BC0-97BE-F56752562B6E}.Ad-Hoc|ARM.Build.0 = Release|ARM
		{A245700F-2175-4BC0-97BE-F56752562B6E}.Ad-Hoc|ARM.Deploy.0 = Release|ARM
		{A245700F-2175-4BC0-97BE-F56752562B6E}.Ad-Hoc|iPhone.ActiveCfg = Release|Any CPU
		{A245700F-2175-4BC0-97BE-F56752562B6E}.Ad-Hoc|iPhoneSimulator.ActiveCfg = Release|Any CPU
		{A245700F-2175-4BC0-97BE-F56752562B6E}.Ad-Hoc|Mixed Platforms.ActiveCfg = Release|x86
		{A245700F-2175-4BC0-97BE-F56752562B6E}.Ad-Hoc|Mixed Platforms.Build.0 = Release|x86
		{A245700F-2175-4BC0-97BE-F56752562B6E}.Ad-Hoc|Mixed Platforms.Deploy.0 = Release|x86
		{A245700F-2175-4BC0-97BE-F56752562B6E}.Ad-Hoc|x86.ActiveCfg = Release|x86
		{A245700F-2175-4BC0-97BE-F56752562B6E}.Ad-Hoc|x86.Build.0 = Release|x86
		{A245700F-2175-4BC0-97BE-F56752562B6E}.Ad-Hoc|x86.Deploy.0 = Release|x86
		{A245700F-2175-4BC0-97BE-F56752562B6E}.AppStore|Any CPU.ActiveCfg = Release|Any CPU
		{A245700F-2175-4BC0-97BE-F56752562B6E}.AppStore|Any CPU.Build.0 = Release|Any CPU
		{A245700F-2175-4BC0-97BE-F56752562B6E}.AppStore|Any CPU.Deploy.0 = Release|Any CPU
		{A245700F-2175-4BC0-97BE-F56752562B6E}.AppStore|ARM.ActiveCfg = Release|ARM
		{A245700F-2175-4BC0-97BE-F56752562B6E}.AppStore|ARM.Build.0 = Release|ARM
		{A245700F-2175-4BC0-97BE-F56752562B6E}.AppStore|ARM.Deploy.0 = Release|ARM
		{A245700F-2175-4BC0-97BE-F56752562B6E}.AppStore|iPhone.ActiveCfg = Release|Any CPU
		{A245700F-2175-4BC0-97BE-F56752562B6E}.AppStore|iPhoneSimulator.ActiveCfg = Release|Any CPU
		{A245700F-2175-4BC0-97BE-F56752562B6E}.AppStore|Mixed Platforms.ActiveCfg = Release|x86
		{A245700F-2175-4BC0-97BE-F56752562B6E}.AppStore|Mixed Platforms.Build.0 = Release|x86
		{A245700F-2175-4BC0-97BE-F56752562B6E}.AppStore|Mixed Platforms.Deploy.0 = Release|x86
		{A245700F-2175-4BC0-97BE-F56752562B6E}.AppStore|x86.ActiveCfg = Release|x86
		{A245700F-2175-4BC0-97BE-F56752562B6E}.AppStore|x86.Build.0 = Release|x86
		{A245700F-2175-4BC0-97BE-F56752562B6E}.AppStore|x86.Deploy.0 = Release|x86
		{A245700F-2175-4BC0-97BE-F56752562B6E}.Debug|Any CPU.ActiveCfg = Debug|Any CPU
		{A245700F-2175-4BC0-97BE-F56752562B6E}.Debug|Any CPU.Build.0 = Debug|Any CPU
		{A245700F-2175-4BC0-97BE-F56752562B6E}.Debug|Any CPU.Deploy.0 = Debug|Any CPU
		{A245700F-2175-4BC0-97BE-F56752562B6E}.Debug|ARM.ActiveCfg = Debug|ARM
		{A245700F-2175-4BC0-97BE-F56752562B6E}.Debug|ARM.Build.0 = Debug|ARM
		{A245700F-2175-4BC0-97BE-F56752562B6E}.Debug|ARM.Deploy.0 = Debug|ARM
		{A245700F-2175-4BC0-97BE-F56752562B6E}.Debug|iPhone.ActiveCfg = Debug|Any CPU
		{A245700F-2175-4BC0-97BE-F56752562B6E}.Debug|iPhoneSimulator.ActiveCfg = Debug|Any CPU
		{A245700F-2175-4BC0-97BE-F56752562B6E}.Debug|Mixed Platforms.ActiveCfg = Debug|x86
		{A245700F-2175-4BC0-97BE-F56752562B6E}.Debug|Mixed Platforms.Build.0 = Debug|x86
		{A245700F-2175-4BC0-97BE-F56752562B6E}.Debug|Mixed Platforms.Deploy.0 = Debug|x86
		{A245700F-2175-4BC0-97BE-F56752562B6E}.Debug|x86.ActiveCfg = Debug|x86
		{A245700F-2175-4BC0-97BE-F56752562B6E}.Debug|x86.Build.0 = Debug|x86
		{A245700F-2175-4BC0-97BE-F56752562B6E}.Debug|x86.Deploy.0 = Debug|x86
		{A245700F-2175-4BC0-97BE-F56752562B6E}.Release|Any CPU.ActiveCfg = Release|Any CPU
		{A245700F-2175-4BC0-97BE-F56752562B6E}.Release|Any CPU.Build.0 = Release|Any CPU
		{A245700F-2175-4BC0-97BE-F56752562B6E}.Release|Any CPU.Deploy.0 = Release|Any CPU
		{A245700F-2175-4BC0-97BE-F56752562B6E}.Release|ARM.ActiveCfg = Release|ARM
		{A245700F-2175-4BC0-97BE-F56752562B6E}.Release|ARM.Build.0 = Release|ARM
		{A245700F-2175-4BC0-97BE-F56752562B6E}.Release|ARM.Deploy.0 = Release|ARM
		{A245700F-2175-4BC0-97BE-F56752562B6E}.Release|iPhone.ActiveCfg = Release|Any CPU
		{A245700F-2175-4BC0-97BE-F56752562B6E}.Release|iPhoneSimulator.ActiveCfg = Release|Any CPU
		{A245700F-2175-4BC0-97BE-F56752562B6E}.Release|Mixed Platforms.ActiveCfg = Release|x86
		{A245700F-2175-4BC0-97BE-F56752562B6E}.Release|Mixed Platforms.Build.0 = Release|x86
		{A245700F-2175-4BC0-97BE-F56752562B6E}.Release|Mixed Platforms.Deploy.0 = Release|x86
		{A245700F-2175-4BC0-97BE-F56752562B6E}.Release|x86.ActiveCfg = Release|x86
		{A245700F-2175-4BC0-97BE-F56752562B6E}.Release|x86.Build.0 = Release|x86
		{A245700F-2175-4BC0-97BE-F56752562B6E}.Release|x86.Deploy.0 = Release|x86
	EndGlobalSection
	GlobalSection(SolutionProperties) = preSolution
		HideSolutionNode = FALSE
	EndGlobalSection
	GlobalSection(MonoDevelopProperties) = preSolution
		StartupItem = HelloAndroid\HelloAndroid.csproj
	EndGlobalSection
EndGlobal
